<Solution>
  <Folder Name="/Solution Items/">
    <File Path="resources/code guidelines.docx" />
    <File Path="resources/CodeReview.md" />
    <File Path="tests/postman/Insurance.Api.postman_collection.json" />
  </Folder>
  <Project Path="Insurance.Api/Insurance.Api.csproj" Id="3ee874b4-1eb3-45f5-8118-71d640091b27" />
  <Project Path="Insurance.Application/Insurance.Application.csproj" />
  <Project Path="Insurance.Domain/Insurance.Domain.csproj" />
  <Project Path="Insurance.Infrastructure/Insurance.Infrastructure.csproj" />
  <Project Path="Insurance.UnitTest/Insurance.UnitTest.csproj" Id="b7fca7a9-8d06-40e7-af32-e15c6e269172" />
</Solution>
