
Microsoft Visual Studio Solution File, Format Version 12.00
# Visual Studio Version 17
VisualStudioVersion = 17.14.37502.11 d17.14
MinimumVisualStudioVersion = 10.0.40219.1
Project("{FAE04EC0-301F-11D3-BF4B-00C04F79EFBC}") = "VehicleManagement", "VehicleManagement\VehicleManagement.csproj", "{4FD10495-5A3A-4269-92B6-B51FCF8FD508}"
EndProject
Global
	GlobalSection(SolutionConfigurationPlatforms) = preSolution
		Debug|Any CPU = Debug|Any CPU
		Release|Any CPU = Release|Any CPU
	EndGlobalSection
	GlobalSection(ProjectConfigurationPlatforms) = postSolution
		{4FD10495-5A3A-4269-92B6-B51FCF8FD508}.Debug|Any CPU.ActiveCfg = Debug|Any CPU
		{4FD10495-5A3A-4269-92B6-B51FCF8FD508}.Debug|Any CPU.Build.0 = Debug|Any CPU
		{4FD10495-5A3A-4269-92B6-B51FCF8FD508}.Release|Any CPU.ActiveCfg = Release|Any CPU
		{4FD10495-5A3A-4269-92B6-B51FCF8FD508}.Release|Any CPU.Build.0 = Release|Any CPU
	EndGlobalSection
	GlobalSection(SolutionProperties) = preSolution
		HideSolutionNode = FALSE
	EndGlobalSection
	GlobalSection(ExtensibilityGlobals) = postSolution
		SolutionGuid = {7DC0359B-9BBB-4D7A-91D8-21F3D8D419F0}
	EndGlobalSection
EndGlobal
